
Microsoft Visual Studio Solution File, Format Version 12.00
# Visual Studio Version 16
VisualStudioVersion = 16.0.30114.105
MinimumVisualStudioVersion = 10.0.40219.1
Project("{FAE04EC0-301F-11D3-BF4B-00C04F79EFBC}") = "CaWorkshop.WebUI", "CaWorkshop.WebUI\CaWorkshop.WebUI.csproj", "{E5A21C8C-58D1-4FFA-994D-535ED9DCE2DA}"
EndProject
Project("{FAE04EC0-301F-11D3-BF4B-00C04F79EFBC}") = "CaWorkshop.Domain", "CaWorkshop.Domain\CaWorkshop.Domain.csproj", "{E77025E6-11F9-4240-B0AE-E94E3E252D24}"
EndProject
Project("{FAE04EC0-301F-11D3-BF4B-00C04F79EFBC}") = "CaWorkshop.Application", "CaWorkshop.Application\CaWorkshop.Application.csproj", "{91765630-956A-4E90-8820-B734D015140C}"
EndProject
Project("{FAE04EC0-301F-11D3-BF4B-00C04F79EFBC}") = "CaWorkshop.Infrastructure", "CaWorkshop.Infrastructure\CaWorkshop.Infrastructure.csproj", "{9D692476-E6D7-48D6-820F-867737447011}"
EndProject
Project("{FAE04EC0-301F-11D3-BF4B-00C04F79EFBC}") = "CaWorkshop.Application.UnitTests", "CaWorkshop.Application.UnitTests\CaWorkshop.Application.UnitTests.csproj", "{1CA7384C-91D5-453E-A2C1-95099F0E2FD4}"
EndProject
Global
	GlobalSection(SolutionConfigurationPlatforms) = preSolution
		Debug|Any CPU = Debug|Any CPU
		Release|Any CPU = Release|Any CPU
	EndGlobalSection
	GlobalSection(SolutionProperties) = preSolution
		HideSolutionNode = FALSE
	EndGlobalSection
	GlobalSection(ProjectConfigurationPlatforms) = postSolution
		{E5A21C8C-58D1-4FFA-994D-535ED9DCE2DA}.Debug|Any CPU.ActiveCfg = Debug|Any CPU
		{E5A21C8C-58D1-4FFA-994D-535ED9DCE2DA}.Debug|Any CPU.Build.0 = Debug|Any CPU
		{E5A21C8C-58D1-4FFA-994D-535ED9DCE2DA}.Release|Any CPU.ActiveCfg = Release|Any CPU
		{E5A21C8C-58D1-4FFA-994D-535ED9DCE2DA}.Release|Any CPU.Build.0 = Release|Any CPU
		{E77025E6-11F9-4240-B0AE-E94E3E252D24}.Debug|Any CPU.ActiveCfg = Debug|Any CPU
		{E77025E6-11F9-4240-B0AE-E94E3E252D24}.Debug|Any CPU.Build.0 = Debug|Any CPU
		{E77025E6-11F9-4240-B0AE-E94E3E252D24}.Release|Any CPU.ActiveCfg = Release|Any CPU
		{E77025E6-11F9-4240-B0AE-E94E3E252D24}.Release|Any CPU.Build.0 = Release|Any CPU
		{91765630-956A-4E90-8820-B734D015140C}.Debug|Any CPU.ActiveCfg = Debug|Any CPU
		{91765630-956A-4E90-8820-B734D015140C}.Debug|Any CPU.Build.0 = Debug|Any CPU
		{91765630-956A-4E90-8820-B734D015140C}.Release|Any CPU.ActiveCfg = Release|Any CPU
		{91765630-956A-4E90-8820-B734D015140C}.Release|Any CPU.Build.0 = Release|Any CPU
		{9D692476-E6D7-48D6-820F-867737447011}.Debug|Any CPU.ActiveCfg = Debug|Any CPU
		{9D692476-E6D7-48D6-820F-867737447011}.Debug|Any CPU.Build.0 = Debug|Any CPU
		{9D692476-E6D7-48D6-820F-867737447011}.Release|Any CPU.ActiveCfg = Release|Any CPU
		{9D692476-E6D7-48D6-820F-867737447011}.Release|Any CPU.Build.0 = Release|Any CPU
		{1CA7384C-91D5-453E-A2C1-95099F0E2FD4}.Debug|Any CPU.ActiveCfg = Debug|Any CPU
		{1CA7384C-91D5-453E-A2C1-95099F0E2FD4}.Debug|Any CPU.Build.0 = Debug|Any CPU
		{1CA7384C-91D5-453E-A2C1-95099F0E2FD4}.Release|Any CPU.ActiveCfg = Release|Any CPU
		{1CA7384C-91D5-453E-A2C1-95099F0E2FD4}.Release|Any CPU.Build.0 = Release|Any CPU
	EndGlobalSection
EndGlobal
